Microsoft Visual Studio Solution File, Format Version 12.00
# Visual Studio Version 16
VisualStudioVersion = 16.0.29306.81
MinimumVisualStudioVersion = 10.0.40219.1
Project("{9A19103F-16F7-4668-BE54-9A1E7A4F7556}") = "BinSkim.Driver", "BinSkim.Driver\BinSkim.Driver.csproj", "{7B4552DC-901C-4569-BFBD-9EA129D53288}"
	ProjectSection(ProjectDependencies) = postProject
		{F17E6921-2504-4AE8-AFD3-7ACEED935FEC} = {F17E6921-2504-4AE8-AFD3-7ACEED935FEC}
		{494AC26C-9591-4137-A3D4-5CD9B8D169DB} = {494AC26C-9591-4137-A3D4-5CD9B8D169DB}
	EndProjectSection
EndProject
Project("{9A19103F-16F7-4668-BE54-9A1E7A4F7556}") = "BinSkim.Rules", "BinSkim.Rules\BinSkim.Rules.csproj", "{494AC26C-9591-4137-A3D4-5CD9B8D169DB}"
EndProject
Project("{9A19103F-16F7-4668-BE54-9A1E7A4F7556}") = "Test.FunctionalTests.BinSkim.Rules", "Test.FunctionalTests.BinSkim.Rules\Test.FunctionalTests.BinSkim.Rules.csproj", "{F380374A-7861-49C1-9643-B7CC5B0D58B0}"
EndProject
Project("{9A19103F-16F7-4668-BE54-9A1E7A4F7556}") = "BinaryParsers", "BinaryParsers\BinaryParsers.csproj", "{F17E6921-2504-4AE8-AFD3-7ACEED935FEC}"
EndProject
Project("{9A19103F-16F7-4668-BE54-9A1E7A4F7556}") = "Test.FunctionalTests.BinSkim.Driver", "Test.FunctionalTests.BinSkim.Driver\Test.FunctionalTests.BinSkim.Driver.csproj", "{8BD5CB5D-1A7C-4286-86D3-82D95524BE8B}"
EndProject
Project("{2150E333-8FDC-42A3-9474-1A3956D46DE8}") = "Nuget", "Nuget", "{39DE5DFD-3349-46F7-BE5D-56D4AF8B2736}"
	ProjectSection(SolutionItems) = preProject
		Nuget\BinSkim.nuspec = Nuget\BinSkim.nuspec
	EndProjectSection
EndProject
Project("{2150E333-8FDC-42A3-9474-1A3956D46DE8}") = "SolutionItems", "SolutionItems", "{1C3EA3C9-98CE-4315-A1BE-6BB11847CB04}"
	ProjectSection(SolutionItems) = preProject
		.editorconfig = .editorconfig
		..\ado-build.yml = ..\ado-build.yml
		build.common.props = build.common.props
		build.netcore.props = build.netcore.props
	EndProjectSection
EndProject
Project("{9A19103F-16F7-4668-BE54-9A1E7A4F7556}") = "BinSkim.Sdk", "BinSkim.Sdk\BinSkim.Sdk.csproj", "{81687384-6DA2-4AD5-A889-0727F2EB8C8C}"
EndProject
Project("{9A19103F-16F7-4668-BE54-9A1E7A4F7556}") = "Test.UnitTests.BinaryParsers", "Test.UnitTests.BinaryParsers\Test.UnitTests.BinaryParsers.csproj", "{6DA91714-422E-4681-8454-F91BB8EEF3DB}"
EndProject
Project("{9A19103F-16F7-4668-BE54-9A1E7A4F7556}") = "Test.UnitTests.BinSkim.Rules", "Test.UnitTests.BinSkim.Rules\Test.UnitTests.BinSkim.Rules.csproj", "{BDB5E58E-7B62-4BCB-B032-D86E18193E78}"
EndProject
Project("{9A19103F-16F7-4668-BE54-9A1E7A4F7556}") = "Test.UnitTests.BinSkim.Driver", "Test.UnitTests.BinSkim.Driver\Test.UnitTests.BinSkim.Driver.csproj", "{B64DBE60-C7E6-48C1-BB7F-B12129DF98B2}"
EndProject
Project("{9A19103F-16F7-4668-BE54-9A1E7A4F7556}") = "Sarif.Driver", "sarif-sdk\src\Sarif.Driver\Sarif.Driver.csproj", "{27C37565-AA27-4452-BABF-75DAF151A8F2}"
EndProject
Project("{2150E333-8FDC-42A3-9474-1A3956D46DE8}") = "sarif-sdk", "sarif-sdk", "{E69E2009-ECED-4750-AA40-BFDD4FD13DAB}"
EndProject
Project("{9A19103F-16F7-4668-BE54-9A1E7A4F7556}") = "Sarif", "sarif-sdk\src\Sarif\Sarif.csproj", "{C0DA9150-1651-457E-A700-A5CC389571A6}"
EndProject
Global
	GlobalSection(SolutionConfigurationPlatforms) = preSolution
		Debug|AnyCPU = Debug|AnyCPU
		Debug|x64 = Debug|x64
		Debug|x86 = Debug|x86
		Release|AnyCPU = Release|AnyCPU
		Release|x64 = Release|x64
		Release|x86 = Release|x86
	EndGlobalSection
	GlobalSection(ProjectConfigurationPlatforms) = postSolution
		{7B4552DC-901C-4569-BFBD-9EA129D53288}.Debug|AnyCPU.ActiveCfg = Debug|Any CPU
		{7B4552DC-901C-4569-BFBD-9EA129D53288}.Debug|AnyCPU.Build.0 = Debug|Any CPU
		{7B4552DC-901C-4569-BFBD-9EA129D53288}.Debug|x64.ActiveCfg = Debug|Any CPU
		{7B4552DC-901C-4569-BFBD-9EA129D53288}.Debug|x64.Build.0 = Debug|Any CPU
		{7B4552DC-901C-4569-BFBD-9EA129D53288}.Debug|x86.ActiveCfg = Debug|Any CPU
		{7B4552DC-901C-4569-BFBD-9EA129D53288}.Debug|x86.Build.0 = Debug|Any CPU
		{7B4552DC-901C-4569-BFBD-9EA129D53288}.Release|AnyCPU.ActiveCfg = Release|Any CPU
		{7B4552DC-901C-4569-BFBD-9EA129D53288}.Release|AnyCPU.Build.0 = Release|Any CPU
		{7B4552DC-901C-4569-BFBD-9EA129D53288}.Release|x64.ActiveCfg = Release|Any CPU
		{7B4552DC-901C-4569-BFBD-9EA129D53288}.Release|x64.Build.0 = Release|Any CPU
		{7B4552DC-901C-4569-BFBD-9EA129D53288}.Release|x86.ActiveCfg = Release|Any CPU
		{7B4552DC-901C-4569-BFBD-9EA129D53288}.Release|x86.Build.0 = Release|Any CPU
		{494AC26C-9591-4137-A3D4-5CD9B8D169DB}.Debug|AnyCPU.ActiveCfg = Debug|Any CPU
		{494AC26C-9591-4137-A3D4-5CD9B8D169DB}.Debug|AnyCPU.Build.0 = Debug|Any CPU
		{494AC26C-9591-4137-A3D4-5CD9B8D169DB}.Debug|x64.ActiveCfg = Debug|Any CPU
		{494AC26C-9591-4137-A3D4-5CD9B8D169DB}.Debug|x64.Build.0 = Debug|Any CPU
		{494AC26C-9591-4137-A3D4-5CD9B8D169DB}.Debug|x86.ActiveCfg = Debug|Any CPU
		{494AC26C-9591-4137-A3D4-5CD9B8D169DB}.Debug|x86.Build.0 = Debug|Any CPU
		{494AC26C-9591-4137-A3D4-5CD9B8D169DB}.Release|AnyCPU.ActiveCfg = Release|Any CPU
		{494AC26C-9591-4137-A3D4-5CD9B8D169DB}.Release|AnyCPU.Build.0 = Release|Any CPU
		{494AC26C-9591-4137-A3D4-5CD9B8D169DB}.Release|x64.ActiveCfg = Release|Any CPU
		{494AC26C-9591-4137-A3D4-5CD9B8D169DB}.Release|x64.Build.0 = Release|Any CPU
		{494AC26C-9591-4137-A3D4-5CD9B8D169DB}.Release|x86.ActiveCfg = Release|Any CPU
		{494AC26C-9591-4137-A3D4-5CD9B8D169DB}.Release|x86.Build.0 = Release|Any CPU
		{F380374A-7861-49C1-9643-B7CC5B0D58B0}.Debug|AnyCPU.ActiveCfg = Debug|Any CPU
		{F380374A-7861-49C1-9643-B7CC5B0D58B0}.Debug|AnyCPU.Build.0 = Debug|Any CPU
		{F380374A-7861-49C1-9643-B7CC5B0D58B0}.Debug|x64.ActiveCfg = Debug|Any CPU
		{F380374A-7861-49C1-9643-B7CC5B0D58B0}.Debug|x64.Build.0 = Debug|Any CPU
		{F380374A-7861-49C1-9643-B7CC5B0D58B0}.Debug|x86.ActiveCfg = Debug|Any CPU
		{F380374A-7861-49C1-9643-B7CC5B0D58B0}.Debug|x86.Build.0 = Debug|Any CPU
		{F380374A-7861-49C1-9643-B7CC5B0D58B0}.Release|AnyCPU.ActiveCfg = Release|Any CPU
		{F380374A-7861-49C1-9643-B7CC5B0D58B0}.Release|AnyCPU.Build.0 = Release|Any CPU
		{F380374A-7861-49C1-9643-B7CC5B0D58B0}.Release|x64.ActiveCfg = Release|Any CPU
		{F380374A-7861-49C1-9643-B7CC5B0D58B0}.Release|x64.Build.0 = Release|Any CPU
		{F380374A-7861-49C1-9643-B7CC5B0D58B0}.Release|x86.ActiveCfg = Release|Any CPU
		{F380374A-7861-49C1-9643-B7CC5B0D58B0}.Release|x86.Build.0 = Release|Any CPU
		{F17E6921-2504-4AE8-AFD3-7ACEED935FEC}.Debug|AnyCPU.ActiveCfg = Debug|Any CPU
		{F17E6921-2504-4AE8-AFD3-7ACEED935FEC}.Debug|AnyCPU.Build.0 = Debug|Any CPU
		{F17E6921-2504-4AE8-AFD3-7ACEED935FEC}.Debug|x64.ActiveCfg = Debug|Any CPU
		{F17E6921-2504-4AE8-AFD3-7ACEED935FEC}.Debug|x64.Build.0 = Debug|Any CPU
		{F17E6921-2504-4AE8-AFD3-7ACEED935FEC}.Debug|x86.ActiveCfg = Debug|Any CPU
		{F17E6921-2504-4AE8-AFD3-7ACEED935FEC}.Debug|x86.Build.0 = Debug|Any CPU
		{F17E6921-2504-4AE8-AFD3-7ACEED935FEC}.Release|AnyCPU.ActiveCfg = Release|Any CPU
		{F17E6921-2504-4AE8-AFD3-7ACEED935FEC}.Release|AnyCPU.Build.0 = Release|Any CPU
		{F17E6921-2504-4AE8-AFD3-7ACEED935FEC}.Release|x64.ActiveCfg = Release|Any CPU
		{F17E6921-2504-4AE8-AFD3-7ACEED935FEC}.Release|x64.Build.0 = Release|Any CPU
		{F17E6921-2504-4AE8-AFD3-7ACEED935FEC}.Release|x86.ActiveCfg = Release|Any CPU
		{F17E6921-2504-4AE8-AFD3-7ACEED935FEC}.Release|x86.Build.0 = Release|Any CPU
		{8BD5CB5D-1A7C-4286-86D3-82D95524BE8B}.Debug|AnyCPU.ActiveCfg = Debug|Any CPU
		{8BD5CB5D-1A7C-4286-86D3-82D95524BE8B}.Debug|AnyCPU.Build.0 = Debug|Any CPU
		{8BD5CB5D-1A7C-4286-86D3-82D95524BE8B}.Debug|x64.ActiveCfg = Debug|Any CPU
		{8BD5CB5D-1A7C-4286-86D3-82D95524BE8B}.Debug|x64.Build.0 = Debug|Any CPU
		{8BD5CB5D-1A7C-4286-86D3-82D95524BE8B}.Debug|x86.ActiveCfg = Debug|Any CPU
		{8BD5CB5D-1A7C-4286-86D3-82D95524BE8B}.Debug|x86.Build.0 = Debug|Any CPU
		{8BD5CB5D-1A7C-4286-86D3-82D95524BE8B}.Release|AnyCPU.ActiveCfg = Release|Any CPU
		{8BD5CB5D-1A7C-4286-86D3-82D95524BE8B}.Release|AnyCPU.Build.0 = Release|Any CPU
		{8BD5CB5D-1A7C-4286-86D3-82D95524BE8B}.Release|x64.ActiveCfg = Release|Any CPU
		{8BD5CB5D-1A7C-4286-86D3-82D95524BE8B}.Release|x64.Build.0 = Release|Any CPU
		{8BD5CB5D-1A7C-4286-86D3-82D95524BE8B}.Release|x86.ActiveCfg = Release|Any CPU
		{8BD5CB5D-1A7C-4286-86D3-82D95524BE8B}.Release|x86.Build.0 = Release|Any CPU
		{81687384-6DA2-4AD5-A889-0727F2EB8C8C}.Debug|AnyCPU.ActiveCfg = Debug|Any CPU
		{81687384-6DA2-4AD5-A889-0727F2EB8C8C}.Debug|AnyCPU.Build.0 = Debug|Any CPU
		{81687384-6DA2-4AD5-A889-0727F2EB8C8C}.Debug|x64.ActiveCfg = Debug|Any CPU
		{81687384-6DA2-4AD5-A889-0727F2EB8C8C}.Debug|x64.Build.0 = Debug|Any CPU
		{81687384-6DA2-4AD5-A889-0727F2EB8C8C}.Debug|x86.ActiveCfg = Debug|Any CPU
		{81687384-6DA2-4AD5-A889-0727F2EB8C8C}.Debug|x86.Build.0 = Debug|Any CPU
		{81687384-6DA2-4AD5-A889-0727F2EB8C8C}.Release|AnyCPU.ActiveCfg = Release|Any CPU
		{81687384-6DA2-4AD5-A889-0727F2EB8C8C}.Release|AnyCPU.Build.0 = Release|Any CPU
		{81687384-6DA2-4AD5-A889-0727F2EB8C8C}.Release|x64.ActiveCfg = Release|Any CPU
		{81687384-6DA2-4AD5-A889-0727F2EB8C8C}.Release|x64.Build.0 = Release|Any CPU
		{81687384-6DA2-4AD5-A889-0727F2EB8C8C}.Release|x86.ActiveCfg = Release|Any CPU
		{81687384-6DA2-4AD5-A889-0727F2EB8C8C}.Release|x86.Build.0 = Release|Any CPU
		{6DA91714-422E-4681-8454-F91BB8EEF3DB}.Debug|AnyCPU.ActiveCfg = Debug|Any CPU
		{6DA91714-422E-4681-8454-F91BB8EEF3DB}.Debug|AnyCPU.Build.0 = Debug|Any CPU
		{6DA91714-422E-4681-8454-F91BB8EEF3DB}.Debug|x64.ActiveCfg = Debug|Any CPU
		{6DA91714-422E-4681-8454-F91BB8EEF3DB}.Debug|x64.Build.0 = Debug|Any CPU
		{6DA91714-422E-4681-8454-F91BB8EEF3DB}.Debug|x86.ActiveCfg = Debug|Any CPU
		{6DA91714-422E-4681-8454-F91BB8EEF3DB}.Debug|x86.Build.0 = Debug|Any CPU
		{6DA91714-422E-4681-8454-F91BB8EEF3DB}.Release|AnyCPU.ActiveCfg = Release|Any CPU
		{6DA91714-422E-4681-8454-F91BB8EEF3DB}.Release|AnyCPU.Build.0 = Release|Any CPU
		{6DA91714-422E-4681-8454-F91BB8EEF3DB}.Release|x64.ActiveCfg = Release|Any CPU
		{6DA91714-422E-4681-8454-F91BB8EEF3DB}.Release|x64.Build.0 = Release|Any CPU
		{6DA91714-422E-4681-8454-F91BB8EEF3DB}.Release|x86.ActiveCfg = Release|Any CPU
		{6DA91714-422E-4681-8454-F91BB8EEF3DB}.Release|x86.Build.0 = Release|Any CPU
		{BDB5E58E-7B62-4BCB-B032-D86E18193E78}.Debug|AnyCPU.ActiveCfg = Debug|Any CPU
		{BDB5E58E-7B62-4BCB-B032-D86E18193E78}.Debug|AnyCPU.Build.0 = Debug|Any CPU
		{BDB5E58E-7B62-4BCB-B032-D86E18193E78}.Debug|x64.ActiveCfg = Debug|Any CPU
		{BDB5E58E-7B62-4BCB-B032-D86E18193E78}.Debug|x64.Build.0 = Debug|Any CPU
		{BDB5E58E-7B62-4BCB-B032-D86E18193E78}.Debug|x86.ActiveCfg = Debug|Any CPU
		{BDB5E58E-7B62-4BCB-B032-D86E18193E78}.Debug|x86.Build.0 = Debug|Any CPU
		{BDB5E58E-7B62-4BCB-B032-D86E18193E78}.Release|AnyCPU.ActiveCfg = Release|Any CPU
		{BDB5E58E-7B62-4BCB-B032-D86E18193E78}.Release|AnyCPU.Build.0 = Release|Any CPU
		{BDB5E58E-7B62-4BCB-B032-D86E18193E78}.Release|x64.ActiveCfg = Release|Any CPU
		{BDB5E58E-7B62-4BCB-B032-D86E18193E78}.Release|x64.Build.0 = Release|Any CPU
		{BDB5E58E-7B62-4BCB-B032-D86E18193E78}.Release|x86.ActiveCfg = Release|Any CPU
		{BDB5E58E-7B62-4BCB-B032-D86E18193E78}.Release|x86.Build.0 = Release|Any CPU
		{B64DBE60-C7E6-48C1-BB7F-B12129DF98B2}.Debug|AnyCPU.ActiveCfg = Debug|Any CPU
		{B64DBE60-C7E6-48C1-BB7F-B12129DF98B2}.Debug|AnyCPU.Build.0 = Debug|Any CPU
		{B64DBE60-C7E6-48C1-BB7F-B12129DF98B2}.Debug|x64.ActiveCfg = Debug|Any CPU
		{B64DBE60-C7E6-48C1-BB7F-B12129DF98B2}.Debug|x64.Build.0 = Debug|Any CPU
		{B64DBE60-C7E6-48C1-BB7F-B12129DF98B2}.Debug|x86.ActiveCfg = Debug|Any CPU
		{B64DBE60-C7E6-48C1-BB7F-B12129DF98B2}.Debug|x86.Build.0 = Debug|Any CPU
		{B64DBE60-C7E6-48C1-BB7F-B12129DF98B2}.Release|AnyCPU.ActiveCfg = Release|Any CPU
		{B64DBE60-C7E6-48C1-BB7F-B12129DF98B2}.Release|AnyCPU.Build.0 = Release|Any CPU
		{B64DBE60-C7E6-48C1-BB7F-B12129DF98B2}.Release|x64.ActiveCfg = Release|Any CPU
		{B64DBE60-C7E6-48C1-BB7F-B12129DF98B2}.Release|x64.Build.0 = Release|Any CPU
		{B64DBE60-C7E6-48C1-BB7F-B12129DF98B2}.Release|x86.ActiveCfg = Release|Any CPU
		{B64DBE60-C7E6-48C1-BB7F-B12129DF98B2}.Release|x86.Build.0 = Release|Any CPU
		{27C37565-AA27-4452-BABF-75DAF151A8F2}.Debug|AnyCPU.ActiveCfg = Debug|Any CPU
		{27C37565-AA27-4452-BABF-75DAF151A8F2}.Debug|AnyCPU.Build.0 = Debug|Any CPU
		{27C37565-AA27-4452-BABF-75DAF151A8F2}.Debug|x64.ActiveCfg = Debug|Any CPU
		{27C37565-AA27-4452-BABF-75DAF151A8F2}.Debug|x64.Build.0 = Debug|Any CPU
		{27C37565-AA27-4452-BABF-75DAF151A8F2}.Debug|x86.ActiveCfg = Debug|Any CPU
		{27C37565-AA27-4452-BABF-75DAF151A8F2}.Debug|x86.Build.0 = Debug|Any CPU
		{27C37565-AA27-4452-BABF-75DAF151A8F2}.Release|AnyCPU.ActiveCfg = Release|Any CPU
		{27C37565-AA27-4452-BABF-75DAF151A8F2}.Release|AnyCPU.Build.0 = Release|Any CPU
		{27C37565-AA27-4452-BABF-75DAF151A8F2}.Release|x64.ActiveCfg = Release|Any CPU
		{27C37565-AA27-4452-BABF-75DAF151A8F2}.Release|x64.Build.0 = Release|Any CPU
		{27C37565-AA27-4452-BABF-75DAF151A8F2}.Release|x86.ActiveCfg = Release|Any CPU
		{27C37565-AA27-4452-BABF-75DAF151A8F2}.Release|x86.Build.0 = Release|Any CPU
		{C0DA9150-1651-457E-A700-A5CC389571A6}.Debug|AnyCPU.ActiveCfg = Debug|Any CPU
		{C0DA9150-1651-457E-A700-A5CC389571A6}.Debug|AnyCPU.Build.0 = Debug|Any CPU
		{C0DA9150-1651-457E-A700-A5CC389571A6}.Debug|x64.ActiveCfg = Debug|Any CPU
		{C0DA9150-1651-457E-A700-A5CC389571A6}.Debug|x64.Build.0 = Debug|Any CPU
		{C0DA9150-1651-457E-A700-A5CC389571A6}.Debug|x86.ActiveCfg = Debug|Any CPU
		{C0DA9150-1651-457E-A700-A5CC389571A6}.Debug|x86.Build.0 = Debug|Any CPU
		{C0DA9150-1651-457E-A700-A5CC389571A6}.Release|AnyCPU.ActiveCfg = Release|Any CPU
		{C0DA9150-1651-457E-A700-A5CC389571A6}.Release|AnyCPU.Build.0 = Release|Any CPU
		{C0DA9150-1651-457E-A700-A5CC389571A6}.Release|x64.ActiveCfg = Release|Any CPU
		{C0DA9150-1651-457E-A700-A5CC389571A6}.Release|x64.Build.0 = Release|Any CPU
		{C0DA9150-1651-457E-A700-A5CC389571A6}.Release|x86.ActiveCfg = Release|Any CPU
		{C0DA9150-1651-457E-A700-A5CC389571A6}.Release|x86.Build.0 = Release|Any CPU
	EndGlobalSection
	GlobalSection(SolutionProperties) = preSolution
		HideSolutionNode = FALSE
	EndGlobalSection
	GlobalSection(NestedProjects) = preSolution
		{27C37565-AA27-4452-BABF-75DAF151A8F2} = {E69E2009-ECED-4750-AA40-BFDD4FD13DAB}
		{C0DA9150-1651-457E-A700-A5CC389571A6} = {E69E2009-ECED-4750-AA40-BFDD4FD13DAB}
	EndGlobalSection
	GlobalSection(ExtensibilityGlobals) = postSolution
		SolutionGuid = {AD3DFD92-76F5-471C-AAAB-9762C40A363E}
	EndGlobalSection
	GlobalSection(Performance) = preSolution
		HasPerformanceSessions = true
	EndGlobalSection
	GlobalSection(Performance) = preSolution
		HasPerformanceSessions = true
	EndGlobalSection
EndGlobal
