
Microsoft Visual Studio Solution File, Format Version 12.00
# Visual Studio 14
VisualStudioVersion = 14.0.24720.0
MinimumVisualStudioVersion = 10.0.40219.1
Project("{FAE04EC0-301F-11D3-BF4B-00C04F79EFBC}") = "BinSkim.Driver", "BinSkim.Driver\BinSkim.Driver.csproj", "{7B4552DC-901C-4569-BFBD-9EA129D53288}"
EndProject
Project("{FAE04EC0-301F-11D3-BF4B-00C04F79EFBC}") = "BinSkim.Sdk", "BinSkim.Sdk\BinSkim.Sdk.csproj", "{D2EBE67E-6115-4825-9EAD-3DB54672C03E}"
EndProject
Project("{FAE04EC0-301F-11D3-BF4B-00C04F79EFBC}") = "BinSkim.Rules", "BinSkim.Rules\BinSkim.Rules.csproj", "{494AC26C-9591-4137-A3D4-5CD9B8D169DB}"
EndProject
Project("{FAE04EC0-301F-11D3-BF4B-00C04F79EFBC}") = "BinSkim.Rules.FunctionalTests", "BinSkim.Rules.FunctionalTests\BinSkim.Rules.FunctionalTests.csproj", "{F380374A-7861-49C1-9643-B7CC5B0D58B0}"
EndProject
Project("{FAE04EC0-301F-11D3-BF4B-00C04F79EFBC}") = "BinaryParsers", "BinaryParsers\BinaryParsers.csproj", "{F17E6921-2504-4AE8-AFD3-7ACEED935FEC}"
EndProject
Project("{FAE04EC0-301F-11D3-BF4B-00C04F79EFBC}") = "BinSkim.Driver.FunctionalTests", "BinSkim.Driver.FunctionalTests\BinSkim.Driver.FunctionalTests.csproj", "{8BD5CB5D-1A7C-4286-86D3-82D95524BE8B}"
EndProject
Project("{2150E333-8FDC-42A3-9474-1A3956D46DE8}") = "Nuget", "Nuget", "{39DE5DFD-3349-46F7-BE5D-56D4AF8B2736}"
	ProjectSection(SolutionItems) = preProject
		Nuget\BinSkim.nuspec = Nuget\BinSkim.nuspec
	EndProjectSection
EndProject
Project("{2150E333-8FDC-42A3-9474-1A3956D46DE8}") = "Roslyn", "Roslyn", "{E8EFBBD3-0C93-4695-ABDD-223CC99B6A11}"
EndProject
Project("{FAE04EC0-301F-11D3-BF4B-00C04F79EFBC}") = "CodeAnalysis", "Roslyn\src\Compilers\Core\Portable\CodeAnalysis.csproj", "{1EE8CAD3-55F9-4D91-96B2-084641DA9A6C}"
EndProject
Project("{FAE04EC0-301F-11D3-BF4B-00C04F79EFBC}") = "CSharpCodeAnalysis", "Roslyn\src\Compilers\CSharp\Portable\CSharpCodeAnalysis.csproj", "{B501A547-C911-4A05-AC6E-274A50DFF30E}"
EndProject
Project("{FAE04EC0-301F-11D3-BF4B-00C04F79EFBC}") = "CompilersBoundTreeGenerator", "Roslyn\src\Tools\Source\CompilerGeneratorTools\Source\BoundTreeGenerator\CompilersBoundTreeGenerator.csproj", "{02459936-CD2C-4F61-B671-5C518F2A3DDC}"
EndProject
Project("{FAE04EC0-301F-11D3-BF4B-00C04F79EFBC}") = "CSharpErrorFactsGenerator", "Roslyn\src\Tools\Source\CompilerGeneratorTools\Source\CSharpErrorFactsGenerator\CSharpErrorFactsGenerator.csproj", "{288089C5-8721-458E-BE3E-78990DAB5E2E}"
EndProject
Project("{FAE04EC0-301F-11D3-BF4B-00C04F79EFBC}") = "CSharpSyntaxGenerator", "Roslyn\src\Tools\Source\CompilerGeneratorTools\Source\CSharpSyntaxGenerator\CSharpSyntaxGenerator.csproj", "{288089C5-8721-458E-BE3E-78990DAB5E2D}"
EndProject
Project("{2150E333-8FDC-42A3-9474-1A3956D46DE8}") = "CoreFx", "CoreFx", "{6848176C-05E7-46CE-B532-28FC328A426A}"
EndProject
Project("{FAE04EC0-301F-11D3-BF4B-00C04F79EFBC}") = "System.Reflection.Metadata", "CoreFx\src\System.Reflection.Metadata\src\System.Reflection.Metadata.csproj", "{F3E433C8-352F-4944-BF7F-765CE435370D}"
EndProject
Global
	GlobalSection(SharedMSBuildProjectFiles) = preSolution
		Roslyn\src\Compilers\Core\AnalyzerDriver\AnalyzerDriver.projitems*{1ee8cad3-55f9-4d91-96b2-084641da9a6c}*SharedItemsImports = 4
		Roslyn\src\Compilers\Core\SharedCollections\SharedCollections.projitems*{1ee8cad3-55f9-4d91-96b2-084641da9a6c}*SharedItemsImports = 4
		Roslyn\src\Compilers\CSharp\CSharpAnalyzerDriver\CSharpAnalyzerDriver.projitems*{b501a547-c911-4a05-ac6e-274a50dff30e}*SharedItemsImports = 4
	EndGlobalSection
	GlobalSection(SolutionConfigurationPlatforms) = preSolution
		Debug|x64 = Debug|x64
		Debug|x86 = Debug|x86
		Release|x64 = Release|x64
		Release|x86 = Release|x86
	EndGlobalSection
	GlobalSection(ProjectConfigurationPlatforms) = postSolution
		{7B4552DC-901C-4569-BFBD-9EA129D53288}.Debug|x64.ActiveCfg = Debug|x64
		{7B4552DC-901C-4569-BFBD-9EA129D53288}.Debug|x64.Build.0 = Debug|x64
		{7B4552DC-901C-4569-BFBD-9EA129D53288}.Debug|x86.ActiveCfg = Debug|x86
		{7B4552DC-901C-4569-BFBD-9EA129D53288}.Debug|x86.Build.0 = Debug|x86
		{7B4552DC-901C-4569-BFBD-9EA129D53288}.Release|x64.ActiveCfg = Release|x64
		{7B4552DC-901C-4569-BFBD-9EA129D53288}.Release|x64.Build.0 = Release|x64
		{7B4552DC-901C-4569-BFBD-9EA129D53288}.Release|x86.ActiveCfg = Release|x86
		{7B4552DC-901C-4569-BFBD-9EA129D53288}.Release|x86.Build.0 = Release|x86
		{D2EBE67E-6115-4825-9EAD-3DB54672C03E}.Debug|x64.ActiveCfg = Debug|x64
		{D2EBE67E-6115-4825-9EAD-3DB54672C03E}.Debug|x64.Build.0 = Debug|x64
		{D2EBE67E-6115-4825-9EAD-3DB54672C03E}.Debug|x86.ActiveCfg = Debug|x86
		{D2EBE67E-6115-4825-9EAD-3DB54672C03E}.Debug|x86.Build.0 = Debug|x86
		{D2EBE67E-6115-4825-9EAD-3DB54672C03E}.Release|x64.ActiveCfg = Release|x64
		{D2EBE67E-6115-4825-9EAD-3DB54672C03E}.Release|x64.Build.0 = Release|x64
		{D2EBE67E-6115-4825-9EAD-3DB54672C03E}.Release|x86.ActiveCfg = Release|x86
		{D2EBE67E-6115-4825-9EAD-3DB54672C03E}.Release|x86.Build.0 = Release|x86
		{494AC26C-9591-4137-A3D4-5CD9B8D169DB}.Debug|x64.ActiveCfg = Debug|x64
		{494AC26C-9591-4137-A3D4-5CD9B8D169DB}.Debug|x64.Build.0 = Debug|x64
		{494AC26C-9591-4137-A3D4-5CD9B8D169DB}.Debug|x86.ActiveCfg = Debug|x86
		{494AC26C-9591-4137-A3D4-5CD9B8D169DB}.Debug|x86.Build.0 = Debug|x86
		{494AC26C-9591-4137-A3D4-5CD9B8D169DB}.Release|x64.ActiveCfg = Release|x64
		{494AC26C-9591-4137-A3D4-5CD9B8D169DB}.Release|x64.Build.0 = Release|x64
		{494AC26C-9591-4137-A3D4-5CD9B8D169DB}.Release|x86.ActiveCfg = Release|x86
		{494AC26C-9591-4137-A3D4-5CD9B8D169DB}.Release|x86.Build.0 = Release|x86
		{F380374A-7861-49C1-9643-B7CC5B0D58B0}.Debug|x64.ActiveCfg = Debug|x64
		{F380374A-7861-49C1-9643-B7CC5B0D58B0}.Debug|x64.Build.0 = Debug|x64
		{F380374A-7861-49C1-9643-B7CC5B0D58B0}.Debug|x86.ActiveCfg = Debug|x86
		{F380374A-7861-49C1-9643-B7CC5B0D58B0}.Debug|x86.Build.0 = Debug|x86
		{F380374A-7861-49C1-9643-B7CC5B0D58B0}.Release|x64.ActiveCfg = Release|x64
		{F380374A-7861-49C1-9643-B7CC5B0D58B0}.Release|x64.Build.0 = Release|x64
		{F380374A-7861-49C1-9643-B7CC5B0D58B0}.Release|x86.ActiveCfg = Release|x86
		{F380374A-7861-49C1-9643-B7CC5B0D58B0}.Release|x86.Build.0 = Release|x86
		{F17E6921-2504-4AE8-AFD3-7ACEED935FEC}.Debug|x64.ActiveCfg = Debug|x64
		{F17E6921-2504-4AE8-AFD3-7ACEED935FEC}.Debug|x64.Build.0 = Debug|x64
		{F17E6921-2504-4AE8-AFD3-7ACEED935FEC}.Debug|x86.ActiveCfg = Debug|x86
		{F17E6921-2504-4AE8-AFD3-7ACEED935FEC}.Debug|x86.Build.0 = Debug|x86
		{F17E6921-2504-4AE8-AFD3-7ACEED935FEC}.Release|x64.ActiveCfg = Release|x64
		{F17E6921-2504-4AE8-AFD3-7ACEED935FEC}.Release|x64.Build.0 = Release|x64
		{F17E6921-2504-4AE8-AFD3-7ACEED935FEC}.Release|x86.ActiveCfg = Release|x86
		{F17E6921-2504-4AE8-AFD3-7ACEED935FEC}.Release|x86.Build.0 = Release|x86
		{8BD5CB5D-1A7C-4286-86D3-82D95524BE8B}.Debug|x64.ActiveCfg = Debug|x64
		{8BD5CB5D-1A7C-4286-86D3-82D95524BE8B}.Debug|x64.Build.0 = Debug|x64
		{8BD5CB5D-1A7C-4286-86D3-82D95524BE8B}.Debug|x86.ActiveCfg = Debug|x86
		{8BD5CB5D-1A7C-4286-86D3-82D95524BE8B}.Debug|x86.Build.0 = Debug|x86
		{8BD5CB5D-1A7C-4286-86D3-82D95524BE8B}.Release|x64.ActiveCfg = Release|x64
		{8BD5CB5D-1A7C-4286-86D3-82D95524BE8B}.Release|x64.Build.0 = Release|x64
		{8BD5CB5D-1A7C-4286-86D3-82D95524BE8B}.Release|x86.ActiveCfg = Release|x86
		{8BD5CB5D-1A7C-4286-86D3-82D95524BE8B}.Release|x86.Build.0 = Release|x86
		{1EE8CAD3-55F9-4D91-96B2-084641DA9A6C}.Debug|x64.ActiveCfg = Debug|Any CPU
		{1EE8CAD3-55F9-4D91-96B2-084641DA9A6C}.Debug|x64.Build.0 = Debug|Any CPU
		{1EE8CAD3-55F9-4D91-96B2-084641DA9A6C}.Debug|x86.ActiveCfg = Debug|Any CPU
		{1EE8CAD3-55F9-4D91-96B2-084641DA9A6C}.Debug|x86.Build.0 = Debug|Any CPU
		{1EE8CAD3-55F9-4D91-96B2-084641DA9A6C}.Release|x64.ActiveCfg = Release|x64
		{1EE8CAD3-55F9-4D91-96B2-084641DA9A6C}.Release|x64.Build.0 = Release|x64
		{1EE8CAD3-55F9-4D91-96B2-084641DA9A6C}.Release|x86.ActiveCfg = Release|Any CPU
		{1EE8CAD3-55F9-4D91-96B2-084641DA9A6C}.Release|x86.Build.0 = Release|Any CPU
		{B501A547-C911-4A05-AC6E-274A50DFF30E}.Debug|x64.ActiveCfg = Debug|Any CPU
		{B501A547-C911-4A05-AC6E-274A50DFF30E}.Debug|x64.Build.0 = Debug|Any CPU
		{B501A547-C911-4A05-AC6E-274A50DFF30E}.Debug|x86.ActiveCfg = Debug|Any CPU
		{B501A547-C911-4A05-AC6E-274A50DFF30E}.Debug|x86.Build.0 = Debug|Any CPU
		{B501A547-C911-4A05-AC6E-274A50DFF30E}.Release|x64.ActiveCfg = Release|x64
		{B501A547-C911-4A05-AC6E-274A50DFF30E}.Release|x64.Build.0 = Release|x64
		{B501A547-C911-4A05-AC6E-274A50DFF30E}.Release|x86.ActiveCfg = Release|Any CPU
		{B501A547-C911-4A05-AC6E-274A50DFF30E}.Release|x86.Build.0 = Release|Any CPU
		{02459936-CD2C-4F61-B671-5C518F2A3DDC}.Debug|x64.ActiveCfg = Debug|Any CPU
		{02459936-CD2C-4F61-B671-5C518F2A3DDC}.Debug|x64.Build.0 = Debug|Any CPU
		{02459936-CD2C-4F61-B671-5C518F2A3DDC}.Debug|x86.ActiveCfg = Debug|Any CPU
		{02459936-CD2C-4F61-B671-5C518F2A3DDC}.Debug|x86.Build.0 = Debug|Any CPU
		{02459936-CD2C-4F61-B671-5C518F2A3DDC}.Release|x64.ActiveCfg = Release|Any CPU
		{02459936-CD2C-4F61-B671-5C518F2A3DDC}.Release|x64.Build.0 = Release|Any CPU
		{02459936-CD2C-4F61-B671-5C518F2A3DDC}.Release|x86.ActiveCfg = Release|Any CPU
		{02459936-CD2C-4F61-B671-5C518F2A3DDC}.Release|x86.Build.0 = Release|Any CPU
		{288089C5-8721-458E-BE3E-78990DAB5E2E}.Debug|x64.ActiveCfg = Debug|Any CPU
		{288089C5-8721-458E-BE3E-78990DAB5E2E}.Debug|x64.Build.0 = Debug|Any CPU
		{288089C5-8721-458E-BE3E-78990DAB5E2E}.Debug|x86.ActiveCfg = Debug|Any CPU
		{288089C5-8721-458E-BE3E-78990DAB5E2E}.Debug|x86.Build.0 = Debug|Any CPU
		{288089C5-8721-458E-BE3E-78990DAB5E2E}.Release|x64.ActiveCfg = Release|Any CPU
		{288089C5-8721-458E-BE3E-78990DAB5E2E}.Release|x64.Build.0 = Release|Any CPU
		{288089C5-8721-458E-BE3E-78990DAB5E2E}.Release|x86.ActiveCfg = Release|Any CPU
		{288089C5-8721-458E-BE3E-78990DAB5E2E}.Release|x86.Build.0 = Release|Any CPU
		{288089C5-8721-458E-BE3E-78990DAB5E2D}.Debug|x64.ActiveCfg = Debug|Any CPU
		{288089C5-8721-458E-BE3E-78990DAB5E2D}.Debug|x64.Build.0 = Debug|Any CPU
		{288089C5-8721-458E-BE3E-78990DAB5E2D}.Debug|x86.ActiveCfg = Debug|Any CPU
		{288089C5-8721-458E-BE3E-78990DAB5E2D}.Debug|x86.Build.0 = Debug|Any CPU
		{288089C5-8721-458E-BE3E-78990DAB5E2D}.Release|x64.ActiveCfg = Release|Any CPU
		{288089C5-8721-458E-BE3E-78990DAB5E2D}.Release|x64.Build.0 = Release|Any CPU
		{288089C5-8721-458E-BE3E-78990DAB5E2D}.Release|x86.ActiveCfg = Release|Any CPU
		{288089C5-8721-458E-BE3E-78990DAB5E2D}.Release|x86.Build.0 = Release|Any CPU
		{F3E433C8-352F-4944-BF7F-765CE435370D}.Debug|x64.ActiveCfg = Debug|Any CPU
		{F3E433C8-352F-4944-BF7F-765CE435370D}.Debug|x64.Build.0 = Debug|Any CPU
		{F3E433C8-352F-4944-BF7F-765CE435370D}.Debug|x86.ActiveCfg = Debug|Any CPU
		{F3E433C8-352F-4944-BF7F-765CE435370D}.Debug|x86.Build.0 = Debug|Any CPU
		{F3E433C8-352F-4944-BF7F-765CE435370D}.Release|x64.ActiveCfg = Release|Any CPU
		{F3E433C8-352F-4944-BF7F-765CE435370D}.Release|x64.Build.0 = Release|Any CPU
		{F3E433C8-352F-4944-BF7F-765CE435370D}.Release|x86.ActiveCfg = Release|Any CPU
		{F3E433C8-352F-4944-BF7F-765CE435370D}.Release|x86.Build.0 = Release|Any CPU
	EndGlobalSection
	GlobalSection(SolutionProperties) = preSolution
		HideSolutionNode = FALSE
	EndGlobalSection
	GlobalSection(NestedProjects) = preSolution
		{1EE8CAD3-55F9-4D91-96B2-084641DA9A6C} = {E8EFBBD3-0C93-4695-ABDD-223CC99B6A11}
		{B501A547-C911-4A05-AC6E-274A50DFF30E} = {E8EFBBD3-0C93-4695-ABDD-223CC99B6A11}
		{02459936-CD2C-4F61-B671-5C518F2A3DDC} = {E8EFBBD3-0C93-4695-ABDD-223CC99B6A11}
		{288089C5-8721-458E-BE3E-78990DAB5E2E} = {E8EFBBD3-0C93-4695-ABDD-223CC99B6A11}
		{288089C5-8721-458E-BE3E-78990DAB5E2D} = {E8EFBBD3-0C93-4695-ABDD-223CC99B6A11}
		{F3E433C8-352F-4944-BF7F-765CE435370D} = {6848176C-05E7-46CE-B532-28FC328A426A}
	EndGlobalSection
EndGlobal
